// !$*UTF8*$!
{
	archiveVersion = 1;
	classes = {
	};
	objectVersion = 55;
	objects = {

/* Begin PBXBuildFile section */
		BDDE662B27A589AB00740760 /* AppDelegate.swift in Sources */ = {isa = PBXBuildFile; fileRef = BDDE662A27A589AB00740760 /* AppDelegate.swift */; };
		BDDE662D27A589AB00740760 /* SceneDelegate.swift in Sources */ = {isa = PBXBuildFile; fileRef = BDDE662C27A589AB00740760 /* SceneDelegate.swift */; };
		BDDE662F27A589AB00740760 /* ViewController.swift in Sources */ = {isa = PBXBuildFile; fileRef = BDDE662E27A589AB00740760 /* ViewController.swift */; };
		BDDE663227A589AB00740760 /* Main.storyboard in Resources */ = {isa = PBXBuildFile; fileRef = BDDE663027A589AB00740760 /* Main.storyboard */; };
		BDDE663427A589AE00740760 /* Assets.xcassets in Resources */ = {isa = PBXBuildFile; fileRef = BDDE663327A589AE00740760 /* Assets.xcassets */; };
		BDDE663727A589AE00740760 /* LaunchScreen.storyboard in Resources */ = {isa = PBXBuildFile; fileRef = BDDE663527A589AE00740760 /* LaunchScreen.storyboard */; };
		BDDE664027ACFE8800740760 /* YouTubeiOSPlayerHelper in Frameworks */ = {isa = PBXBuildFile; productRef = BDDE663F27ACFE8800740760 /* YouTubeiOSPlayerHelper */; };
		BDDE664F27AD13B800740760 /* PlaylistTableViewController.swift in Sources */ = {isa = PBXBuildFile; fileRef = BDDE664E27AD13B800740760 /* PlaylistTableViewController.swift */; };
		BDDE665127AD13D600740760 /* PlayTableViewController.swift in Sources */ = {isa = PBXBuildFile; fileRef = BDDE665027AD13D600740760 /* PlayTableViewController.swift */; };
		BDDE665427AD140400740760 /* BookmarkTableViewController.swift in Sources */ = {isa = PBXBuildFile; fileRef = BDDE665327AD140400740760 /* BookmarkTableViewController.swift */; };
		BDDE665627AD142500740760 /* OtherTableViewController.swift in Sources */ = {isa = PBXBuildFile; fileRef = BDDE665527AD142500740760 /* OtherTableViewController.swift */; };
		BDDE665A27AD14CF00740760 /* PlayTableViewCell.swift in Sources */ = {isa = PBXBuildFile; fileRef = BDDE665927AD14CF00740760 /* PlayTableViewCell.swift */; };
		BDDE665C27AD14E600740760 /* BookmarkTableViewCell.swift in Sources */ = {isa = PBXBuildFile; fileRef = BDDE665B27AD14E600740760 /* BookmarkTableViewCell.swift */; };
		BDDE665E27AD14F600740760 /* PlaylistTableViewCell.swift in Sources */ = {isa = PBXBuildFile; fileRef = BDDE665D27AD14F600740760 /* PlaylistTableViewCell.swift */; };
		BDDE666027AD150500740760 /* OtherTableViewCell.swift in Sources */ = {isa = PBXBuildFile; fileRef = BDDE665F27AD150500740760 /* OtherTableViewCell.swift */; };
		BDDE666227AD155800740760 /* Constants.swift in Sources */ = {isa = PBXBuildFile; fileRef = BDDE666127AD155800740760 /* Constants.swift */; };
		BDDE666527AD1B6700740760 /* Shared.swift in Sources */ = {isa = PBXBuildFile; fileRef = BDDE666427AD1B6700740760 /* Shared.swift */; };
/* End PBXBuildFile section */

/* Begin PBXFileReference section */
		BDDE662727A589AB00740760 /* ConvictWorkout.app */ = {isa = PBXFileReference; explicitFileType = wrapper.application; includeInIndex = 0; path = ConvictWorkout.app; sourceTree = BUILT_PRODUCTS_DIR; };
		BDDE662A27A589AB00740760 /* AppDelegate.swift */ = {isa = PBXFileReference; lastKnownFileType = sourcecode.swift; path = AppDelegate.swift; sourceTree = "<group>"; };
		BDDE662C27A589AB00740760 /* SceneDelegate.swift */ = {isa = PBXFileReference; lastKnownFileType = sourcecode.swift; path = SceneDelegate.swift; sourceTree = "<group>"; };
		BDDE662E27A589AB00740760 /* ViewController.swift */ = {isa = PBXFileReference; lastKnownFileType = sourcecode.swift; path = ViewController.swift; sourceTree = "<group>"; };
		BDDE663127A589AB00740760 /* Base */ = {isa = PBXFileReference; lastKnownFileType = file.storyboard; name = Base; path = Base.lproj/Main.storyboard; sourceTree = "<group>"; };
		BDDE663327A589AE00740760 /* Assets.xcassets */ = {isa = PBXFileReference; lastKnownFileType = folder.assetcatalog; path = Assets.xcassets; sourceTree = "<group>"; };
		BDDE663627A589AE00740760 /* Base */ = {isa = PBXFileReference; lastKnownFileType = file.storyboard; name = Base; path = Base.lproj/LaunchScreen.storyboard; sourceTree = "<group>"; };
		BDDE663827A589AE00740760 /* Info.plist */ = {isa = PBXFileReference; lastKnownFileType = text.plist.xml; path = Info.plist; sourceTree = "<group>"; };
		BDDE664E27AD13B800740760 /* PlaylistTableViewController.swift */ = {isa = PBXFileReference; lastKnownFileType = sourcecode.swift; path = PlaylistTableViewController.swift; sourceTree = "<group>"; };
		BDDE665027AD13D600740760 /* PlayTableViewController.swift */ = {isa = PBXFileReference; lastKnownFileType = sourcecode.swift; path = PlayTableViewController.swift; sourceTree = "<group>"; };
		BDDE665327AD140400740760 /* BookmarkTableViewController.swift */ = {isa = PBXFileReference; lastKnownFileType = sourcecode.swift; path = BookmarkTableViewController.swift; sourceTree = "<group>"; };
		BDDE665527AD142500740760 /* OtherTableViewController.swift */ = {isa = PBXFileReference; lastKnownFileType = sourcecode.swift; path = OtherTableViewController.swift; sourceTree = "<group>"; };
		BDDE665927AD14CF00740760 /* PlayTableViewCell.swift */ = {isa = PBXFileReference; lastKnownFileType = sourcecode.swift; path = PlayTableViewCell.swift; sourceTree = "<group>"; };
		BDDE665B27AD14E600740760 /* BookmarkTableViewCell.swift */ = {isa = PBXFileReference; lastKnownFileType = sourcecode.swift; path = BookmarkTableViewCell.swift; sourceTree = "<group>"; };
		BDDE665D27AD14F600740760 /* PlaylistTableViewCell.swift */ = {isa = PBXFileReference; lastKnownFileType = sourcecode.swift; path = PlaylistTableViewCell.swift; sourceTree = "<group>"; };
		BDDE665F27AD150500740760 /* OtherTableViewCell.swift */ = {isa = PBXFileReference; lastKnownFileType = sourcecode.swift; path = OtherTableViewCell.swift; sourceTree = "<group>"; };
		BDDE666127AD155800740760 /* Constants.swift */ = {isa = PBXFileReference; lastKnownFileType = sourcecode.swift; path = Constants.swift; sourceTree = "<group>"; };
		BDDE666427AD1B6700740760 /* Shared.swift */ = {isa = PBXFileReference; lastKnownFileType = sourcecode.swift; path = Shared.swift; sourceTree = "<group>"; };
/* End PBXFileReference section */

/* Begin PBXFrameworksBuildPhase section */
		BDDE662427A589AB00740760 /* Frameworks */ = {
			isa = PBXFrameworksBuildPhase;
			buildActionMask = 2147483647;
			files = (
				BDDE664027ACFE8800740760 /* YouTubeiOSPlayerHelper in Frameworks */,
			);
			runOnlyForDeploymentPostprocessing = 0;
		};
/* End PBXFrameworksBuildPhase section */

/* Begin PBXGroup section */
		BDDE661E27A589AB00740760 = {
			isa = PBXGroup;
			children = (
				BDDE662927A589AB00740760 /* ConvictWorkout */,
				BDDE662827A589AB00740760 /* Products */,
			);
			sourceTree = "<group>";
		};
		BDDE662827A589AB00740760 /* Products */ = {
			isa = PBXGroup;
			children = (
				BDDE662727A589AB00740760 /* ConvictWorkout.app */,
			);
			name = Products;
			sourceTree = "<group>";
		};
		BDDE662927A589AB00740760 /* ConvictWorkout */ = {
			isa = PBXGroup;
			children = (
				BDDE666327AD1B5100740760 /* Shared */,
				BDDE664527AD02FB00740760 /* Helpers */,
				BDDE664327AD02B900740760 /* Models */,
				BDDE664627AD102800740760 /* Views */,
				BDDE664227AD02A700740760 /* ViewControllers */,
				BDDE664127AD028D00740760 /* Storyboards */,
				BDDE662A27A589AB00740760 /* AppDelegate.swift */,
				BDDE662C27A589AB00740760 /* SceneDelegate.swift */,
				BDDE663327A589AE00740760 /* Assets.xcassets */,
				BDDE663827A589AE00740760 /* Info.plist */,
			);
			path = ConvictWorkout;
			sourceTree = "<group>";
		};
		BDDE664127AD028D00740760 /* Storyboards */ = {
			isa = PBXGroup;
			children = (
				BDDE663027A589AB00740760 /* Main.storyboard */,
				BDDE663527A589AE00740760 /* LaunchScreen.storyboard */,
			);
			path = Storyboards;
			sourceTree = "<group>";
		};
		BDDE664227AD02A700740760 /* ViewControllers */ = {
			isa = PBXGroup;
			children = (
				BDDE662E27A589AB00740760 /* ViewController.swift */,
				BDDE664E27AD13B800740760 /* PlaylistTableViewController.swift */,
				BDDE665027AD13D600740760 /* PlayTableViewController.swift */,
				BDDE665327AD140400740760 /* BookmarkTableViewController.swift */,
				BDDE665527AD142500740760 /* OtherTableViewController.swift */,
			);
			path = ViewControllers;
			sourceTree = "<group>";
		};
		BDDE664327AD02B900740760 /* Models */ = {
			isa = PBXGroup;
			children = (
			);
			path = Models;
			sourceTree = "<group>";
		};
		BDDE664527AD02FB00740760 /* Helpers */ = {
			isa = PBXGroup;
			children = (
				BDDE666127AD155800740760 /* Constants.swift */,
			);
			path = Helpers;
			sourceTree = "<group>";
		};
		BDDE664627AD102800740760 /* Views */ = {
			isa = PBXGroup;
			children = (
				BDDE665D27AD14F600740760 /* PlaylistTableViewCell.swift */,
				BDDE665F27AD150500740760 /* OtherTableViewCell.swift */,
				BDDE665927AD14CF00740760 /* PlayTableViewCell.swift */,
				BDDE665B27AD14E600740760 /* BookmarkTableViewCell.swift */,
			);
			path = Views;
			sourceTree = "<group>";
		};
		BDDE666327AD1B5100740760 /* Shared */ = {
			isa = PBXGroup;
			children = (
				BDDE666427AD1B6700740760 /* Shared.swift */,
			);
			path = Shared;
			sourceTree = "<group>";
		};
/* End PBXGroup section */

/* Begin PBXNativeTarget section */
		BDDE662627A589AB00740760 /* ConvictWorkout */ = {
			isa = PBXNativeTarget;
			buildConfigurationList = BDDE663B27A589AE00740760 /* Build configuration list for PBXNativeTarget "ConvictWorkout" */;
			buildPhases = (
				BDDE662327A589AB00740760 /* Sources */,
				BDDE662427A589AB00740760 /* Frameworks */,
				BDDE662527A589AB00740760 /* Resources */,
			);
			buildRules = (
			);
			dependencies = (
			);
			name = ConvictWorkout;
			packageProductDependencies = (
				BDDE663F27ACFE8800740760 /* YouTubeiOSPlayerHelper */,
			);
			productName = ConvictWorkout;
			productReference = BDDE662727A589AB00740760 /* ConvictWorkout.app */;
			productType = "com.apple.product-type.application";
		};
/* End PBXNativeTarget section */

/* Begin PBXProject section */
		BDDE661F27A589AB00740760 /* Project object */ = {
			isa = PBXProject;
			attributes = {
				BuildIndependentTargetsInParallel = 1;
				LastSwiftUpdateCheck = 1320;
				LastUpgradeCheck = 1320;
				TargetAttributes = {
					BDDE662627A589AB00740760 = {
						CreatedOnToolsVersion = 13.2.1;
					};
				};
			};
			buildConfigurationList = BDDE662227A589AB00740760 /* Build configuration list for PBXProject "ConvictWorkout" */;
			compatibilityVersion = "Xcode 13.0";
			developmentRegion = en;
			hasScannedForEncodings = 0;
			knownRegions = (
				en,
				Base,
			);
			mainGroup = BDDE661E27A589AB00740760;
			packageReferences = (
				BDDE663E27ACFE8800740760 /* XCRemoteSwiftPackageReference "youtube-ios-player-helper" */,
			);
			productRefGroup = BDDE662827A589AB00740760 /* Products */;
			projectDirPath = "";
			projectRoot = "";
			targets = (
				BDDE662627A589AB00740760 /* ConvictWorkout */,
			);
		};
/* End PBXProject section */

/* Begin PBXResourcesBuildPhase section */
		BDDE662527A589AB00740760 /* Resources */ = {
			isa = PBXResourcesBuildPhase;
			buildActionMask = 2147483647;
			files = (
				BDDE663727A589AE00740760 /* LaunchScreen.storyboard in Resources */,
				BDDE663427A589AE00740760 /* Assets.xcassets in Resources */,
				BDDE663227A589AB00740760 /* Main.storyboard in Resources */,
			);
			runOnlyForDeploymentPostprocessing = 0;
		};
/* End PBXResourcesBuildPhase section */

/* Begin PBXSourcesBuildPhase section */
		BDDE662327A589AB00740760 /* Sources */ = {
			isa = PBXSourcesBuildPhase;
			buildActionMask = 2147483647;
			files = (
				BDDE666527AD1B6700740760 /* Shared.swift in Sources */,
				BDDE666027AD150500740760 /* OtherTableViewCell.swift in Sources */,
				BDDE665127AD13D600740760 /* PlayTableViewController.swift in Sources */,
				BDDE662F27A589AB00740760 /* ViewController.swift in Sources */,
				BDDE662B27A589AB00740760 /* AppDelegate.swift in Sources */,
				BDDE665627AD142500740760 /* OtherTableViewController.swift in Sources */,
				BDDE665427AD140400740760 /* BookmarkTableViewController.swift in Sources */,
				BDDE665E27AD14F600740760 /* PlaylistTableViewCell.swift in Sources */,
				BDDE665A27AD14CF00740760 /* PlayTableViewCell.swift in Sources */,
				BDDE662D27A589AB00740760 /* SceneDelegate.swift in Sources */,
				BDDE664F27AD13B800740760 /* PlaylistTableViewController.swift in Sources */,
				BDDE665C27AD14E600740760 /* BookmarkTableViewCell.swift in Sources */,
				BDDE666227AD155800740760 /* Constants.swift in Sources */,
			);
			runOnlyForDeploymentPostprocessing = 0;
		};
/* End PBXSourcesBuildPhase section */

/* Begin PBXVariantGroup section */
		BDDE663027A589AB00740760 /* Main.storyboard */ = {
			isa = PBXVariantGroup;
			children = (
				BDDE663127A589AB00740760 /* Base */,
			);
			name = Main.storyboard;
			sourceTree = "<group>";
		};
		BDDE663527A589AE00740760 /* LaunchScreen.storyboard */ = {
			isa = PBXVariantGroup;
			children = (
				BDDE663627A589AE00740760 /* Base */,
			);
			name = LaunchScreen.storyboard;
			sourceTree = "<group>";
		};
/* End PBXVariantGroup section */

/* Begin XCBuildConfiguration section */
		BDDE663927A589AE00740760 /* Debug */ = {
			isa = XCBuildConfiguration;
			buildSettings = {
				ALWAYS_SEARCH_USER_PATHS = NO;
				CLANG_ANALYZER_NONNULL = YES;
				CLANG_ANALYZER_NUMBER_OBJECT_CONVERSION = YES_AGGRESSIVE;
				CLANG_CXX_LANGUAGE_STANDARD = "gnu++17";
				CLANG_CXX_LIBRARY = "libc++";
				CLANG_ENABLE_MODULES = YES;
				CLANG_ENABLE_OBJC_ARC = YES;
				CLANG_ENABLE_OBJC_WEAK = YES;
				CLANG_WARN_BLOCK_CAPTURE_AUTORELEASING = YES;
				CLANG_WARN_BOOL_CONVERSION = YES;
				CLANG_WARN_COMMA = YES;
				CLANG_WARN_CONSTANT_CONVERSION = YES;
				CLANG_WARN_DEPRECATED_OBJC_IMPLEMENTATIONS = YES;
				CLANG_WARN_DIRECT_OBJC_ISA_USAGE = YES_ERROR;
				CLANG_WARN_DOCUMENTATION_COMMENTS = YES;
				CLANG_WARN_EMPTY_BODY = YES;
				CLANG_WARN_ENUM_CONVERSION = YES;
				CLANG_WARN_INFINITE_RECURSION = YES;
				CLANG_WARN_INT_CONVERSION = YES;
				CLANG_WARN_NON_LITERAL_NULL_CONVERSION = YES;
				CLANG_WARN_OBJC_IMPLICIT_RETAIN_SELF = YES;
				CLANG_WARN_OBJC_LITERAL_CONVERSION = YES;
				CLANG_WARN_OBJC_ROOT_CLASS = YES_ERROR;
				CLANG_WARN_QUOTED_INCLUDE_IN_FRAMEWORK_HEADER = YES;
				CLANG_WARN_RANGE_LOOP_ANALYSIS = YES;
				CLANG_WARN_STRICT_PROTOTYPES = YES;
				CLANG_WARN_SUSPICIOUS_MOVE = YES;
				CLANG_WARN_UNGUARDED_AVAILABILITY = YES_AGGRESSIVE;
				CLANG_WARN_UNREACHABLE_CODE = YES;
				CLANG_WARN__DUPLICATE_METHOD_MATCH = YES;
				COPY_PHASE_STRIP = NO;
				DEBUG_INFORMATION_FORMAT = dwarf;
				ENABLE_STRICT_OBJC_MSGSEND = YES;
				ENABLE_TESTABILITY = YES;
				GCC_C_LANGUAGE_STANDARD = gnu11;
				GCC_DYNAMIC_NO_PIC = NO;
				GCC_NO_COMMON_BLOCKS = YES;
				GCC_OPTIMIZATION_LEVEL = 0;
				GCC_PREPROCESSOR_DEFINITIONS = (
					"DEBUG=1",
					"$(inherited)",
				);
				GCC_WARN_64_TO_32_BIT_CONVERSION = YES;
				GCC_WARN_ABOUT_RETURN_TYPE = YES_ERROR;
				GCC_WARN_UNDECLARED_SELECTOR = YES;
				GCC_WARN_UNINITIALIZED_AUTOS = YES_AGGRESSIVE;
				GCC_WARN_UNUSED_FUNCTION = YES;
				GCC_WARN_UNUSED_VARIABLE = YES;
				IPHONEOS_DEPLOYMENT_TARGET = 15.2;
				MTL_ENABLE_DEBUG_INFO = INCLUDE_SOURCE;
				MTL_FAST_MATH = YES;
				ONLY_ACTIVE_ARCH = YES;
				SDKROOT = iphoneos;
				SWIFT_ACTIVE_COMPILATION_CONDITIONS = DEBUG;
				SWIFT_OPTIMIZATION_LEVEL = "-Onone";
			};
			name = Debug;
		};
		BDDE663A27A589AE00740760 /* Release */ = {
			isa = XCBuildConfiguration;
			buildSettings = {
				ALWAYS_SEARCH_USER_PATHS = NO;
				CLANG_ANALYZER_NONNULL = YES;
				CLANG_ANALYZER_NUMBER_OBJECT_CONVERSION = YES_AGGRESSIVE;
				CLANG_CXX_LANGUAGE_STANDARD = "gnu++17";
				CLANG_CXX_LIBRARY = "libc++";
				CLANG_ENABLE_MODULES = YES;
				CLANG_ENABLE_OBJC_ARC = YES;
				CLANG_ENABLE_OBJC_WEAK = YES;
				CLANG_WARN_BLOCK_CAPTURE_AUTORELEASING = YES;
				CLANG_WARN_BOOL_CONVERSION = YES;
				CLANG_WARN_COMMA = YES;
				CLANG_WARN_CONSTANT_CONVERSION = YES;
				CLANG_WARN_DEPRECATED_OBJC_IMPLEMENTATIONS = YES;
				CLANG_WARN_DIRECT_OBJC_ISA_USAGE = YES_ERROR;
				CLANG_WARN_DOCUMENTATION_COMMENTS = YES;
				CLANG_WARN_EMPTY_BODY = YES;
				CLANG_WARN_ENUM_CONVERSION = YES;
				CLANG_WARN_INFINITE_RECURSION = YES;
				CLANG_WARN_INT_CONVERSION = YES;
				CLANG_WARN_NON_LITERAL_NULL_CONVERSION = YES;
				CLANG_WARN_OBJC_IMPLICIT_RETAIN_SELF = YES;
				CLANG_WARN_OBJC_LITERAL_CONVERSION = YES;
				CLANG_WARN_OBJC_ROOT_CLASS = YES_ERROR;
				CLANG_WARN_QUOTED_INCLUDE_IN_FRAMEWORK_HEADER = YES;
				CLANG_WARN_RANGE_LOOP_ANALYSIS = YES;
				CLANG_WARN_STRICT_PROTOTYPES = YES;
				CLANG_WARN_SUSPICIOUS_MOVE = YES;
				CLANG_WARN_UNGUARDED_AVAILABILITY = YES_AGGRESSIVE;
				CLANG_WARN_UNREACHABLE_CODE = YES;
				CLANG_WARN__DUPLICATE_METHOD_MATCH = YES;
				COPY_PHASE_STRIP = NO;
				DEBUG_INFORMATION_FORMAT = "dwarf-with-dsym";
				ENABLE_NS_ASSERTIONS = NO;
				ENABLE_STRICT_OBJC_MSGSEND = YES;
				GCC_C_LANGUAGE_STANDARD = gnu11;
				GCC_NO_COMMON_BLOCKS = YES;
				GCC_WARN_64_TO_32_BIT_CONVERSION = YES;
				GCC_WARN_ABOUT_RETURN_TYPE = YES_ERROR;
				GCC_WARN_UNDECLARED_SELECTOR = YES;
				GCC_WARN_UNINITIALIZED_AUTOS = YES_AGGRESSIVE;
				GCC_WARN_UNUSED_FUNCTION = YES;
				GCC_WARN_UNUSED_VARIABLE = YES;
				IPHONEOS_DEPLOYMENT_TARGET = 15.2;
				MTL_ENABLE_DEBUG_INFO = NO;
				MTL_FAST_MATH = YES;
				SDKROOT = iphoneos;
				SWIFT_COMPILATION_MODE = wholemodule;
				SWIFT_OPTIMIZATION_LEVEL = "-O";
				VALIDATE_PRODUCT = YES;
			};
			name = Release;
		};
		BDDE663C27A589AE00740760 /* Debug */ = {
			isa = XCBuildConfiguration;
			buildSettings = {
				ASSETCATALOG_COMPILER_APPICON_NAME = AppIcon;
				ASSETCATALOG_COMPILER_GLOBAL_ACCENT_COLOR_NAME = AccentColor;
				CODE_SIGN_STYLE = Automatic;
				CURRENT_PROJECT_VERSION = 1;
				DEVELOPMENT_TEAM = LL863NAQHT;
				GENERATE_INFOPLIST_FILE = YES;
				INFOPLIST_FILE = ConvictWorkout/Info.plist;
				INFOPLIST_KEY_UIApplicationSupportsIndirectInputEvents = YES;
				INFOPLIST_KEY_UILaunchStoryboardName = LaunchScreen;
				INFOPLIST_KEY_UIMainStoryboardFile = Main;
				INFOPLIST_KEY_UISupportedInterfaceOrientations_iPad = "UIInterfaceOrientationPortrait UIInterfaceOrientationPortraitUpsideDown UIInterfaceOrientationLandscapeLeft UIInterfaceOrientationLandscapeRight";
				INFOPLIST_KEY_UISupportedInterfaceOrientations_iPhone = "UIInterfaceOrientationPortrait UIInterfaceOrientationLandscapeLeft UIInterfaceOrientationLandscapeRight";
				LD_RUNPATH_SEARCH_PATHS = (
					"$(inherited)",
					"@executable_path/Frameworks",
				);
				MARKETING_VERSION = 1.0;
				PRODUCT_BUNDLE_IDENTIFIER = com.sanghun.ConvictWorkout;
				PRODUCT_NAME = "$(TARGET_NAME)";
				SWIFT_EMIT_LOC_STRINGS = YES;
				SWIFT_VERSION = 5.0;
				TARGETED_DEVICE_FAMILY = "1,2";
			};
			name = Debug;
		};
		BDDE663D27A589AE00740760 /* Release */ = {
			isa = XCBuildConfiguration;
			buildSettings = {
				ASSETCATALOG_COMPILER_APPICON_NAME = AppIcon;
				ASSETCATALOG_COMPILER_GLOBAL_ACCENT_COLOR_NAME = AccentColor;
				CODE_SIGN_STYLE = Automatic;
				CURRENT_PROJECT_VERSION = 1;
				DEVELOPMENT_TEAM = LL863NAQHT;
				GENERATE_INFOPLIST_FILE = YES;
				INFOPLIST_FILE = ConvictWorkout/Info.plist;
				INFOPLIST_KEY_UIApplicationSupportsIndirectInputEvents = YES;
				INFOPLIST_KEY_UILaunchStoryboardName = LaunchScreen;
				INFOPLIST_KEY_UIMainStoryboardFile = Main;
				INFOPLIST_KEY_UISupportedInterfaceOrientations_iPad = "UIInterfaceOrientationPortrait UIInterfaceOrientationPortraitUpsideDown UIInterfaceOrientationLandscapeLeft UIInterfaceOrientationLandscapeRight";
				INFOPLIST_KEY_UISupportedInterfaceOrientations_iPhone = "UIInterfaceOrientationPortrait UIInterfaceOrientationLandscapeLeft UIInterfaceOrientationLandscapeRight";
				LD_RUNPATH_SEARCH_PATHS = (
					"$(inherited)",
					"@executable_path/Frameworks",
				);
				MARKETING_VERSION = 1.0;
				PRODUCT_BUNDLE_IDENTIFIER = com.sanghun.ConvictWorkout;
				PRODUCT_NAME = "$(TARGET_NAME)";
				SWIFT_EMIT_LOC_STRINGS = YES;
				SWIFT_VERSION = 5.0;
				TARGETED_DEVICE_FAMILY = "1,2";
			};
			name = Release;
		};
/* End XCBuildConfiguration section */

/* Begin XCConfigurationList section */
		BDDE662227A589AB00740760 /* Build configuration list for PBXProject "ConvictWorkout" */ = {
			isa = XCConfigurationList;
			buildConfigurations = (
				BDDE663927A589AE00740760 /* Debug */,
				BDDE663A27A589AE00740760 /* Release */,
			);
			defaultConfigurationIsVisible = 0;
			defaultConfigurationName = Release;
		};
		BDDE663B27A589AE00740760 /* Build configuration list for PBXNativeTarget "ConvictWorkout" */ = {
			isa = XCConfigurationList;
			buildConfigurations = (
				BDDE663C27A589AE00740760 /* Debug */,
				BDDE663D27A589AE00740760 /* Release */,
			);
			defaultConfigurationIsVisible = 0;
			defaultConfigurationName = Release;
		};
/* End XCConfigurationList section */

/* Begin XCRemoteSwiftPackageReference section */
		BDDE663E27ACFE8800740760 /* XCRemoteSwiftPackageReference "youtube-ios-player-helper" */ = {
			isa = XCRemoteSwiftPackageReference;
			repositoryURL = "https://github.com/youtube/youtube-ios-player-helper";
			requirement = {
				kind = upToNextMajorVersion;
				minimumVersion = 1.0.0;
			};
		};
/* End XCRemoteSwiftPackageReference section */

/* Begin XCSwiftPackageProductDependency section */
		BDDE663F27ACFE8800740760 /* YouTubeiOSPlayerHelper */ = {
			isa = XCSwiftPackageProductDependency;
			package = BDDE663E27ACFE8800740760 /* XCRemoteSwiftPackageReference "youtube-ios-player-helper" */;
			productName = YouTubeiOSPlayerHelper;
		};
/* End XCSwiftPackageProductDependency section */
	};
	rootObject = BDDE661F27A589AB00740760 /* Project object */;
}
